{
    "name": "LaunchControl",
    "version": "0.0.3",
    "lockfileVersion": 2,
    "requires": true,
    "packages": {
        "": {
            "name": "LaunchControl",
            "version": "0.0.3",
            "license": "MIT",
            "dependencies": {
                "midi": "0.9.5",
                "midi-launchpad": "git://github.com/discookie/node-midi-launchpad#master",
                "nanotimer": "0.3.14",
                "sleep": "5.1.1"
            }
        },
        "node_modules/backbone": {
            "version": "1.3.3",
            "resolved": "https://registry.npmjs.org/backbone/-/backbone-1.3.3.tgz",
            "integrity": "sha1-TMgOp8sWMaxHSInOQPL4vGg7KZk=",
            "dependencies": {
                "underscore": ">=1.8.3"
            }
        },
        "node_modules/midi": {
            "version": "0.9.5",
            "resolved": "https://registry.npmjs.org/midi/-/midi-0.9.5.tgz",
            "integrity": "sha1-/DI6/z6BsNQJnK7q1TW6Z5xunYg=",
            "hasInstallScript": true,
            "dependencies": {
                "bindings": "~1.2.1",
                "nan": "^2.3.3"
            },
            "engines": {
                "node": ">=0.8.0"
            }
        },
        "node_modules/midi-launchpad": {
            "version": "1.0.3",
            "resolved": "git+ssh://git@github.com/discookie/node-midi-launchpad.git#20996e2a3db3d528a471f5dc95e454bd9a251d9f",
            "integrity": "sha512-TeehgbOdi2es6w6xG6QDBNm3fKSM9vhfNCaUDQHTLcZR9Aqzxyv6cY58jOQNP2273HdxgFQ/5caNMiVQKWukHQ==",
            "license": "BSD",
            "dependencies": {
                "backbone": ">=1.1.0",
                "midi": ">=0.7.0",
                "underscore": ">=1.5.2"
            }
        },
        "node_modules/midi/node_modules/bindings": {
            "version": "1.2.1",
            "resolved": "https://registry.npmjs.org/bindings/-/bindings-1.2.1.tgz",
            "integrity": "sha1-FK1hE4EtLTfXLme0ystLtyZQXxE="
        },
        "node_modules/nan": {
            "version": "2.6.2",
            "resolved": "https://registry.npmjs.org/nan/-/nan-2.6.2.tgz",
            "integrity": "sha1-5P805slf37WuzAjeZZb0NgWn20U="
        },
        "node_modules/nanotimer": {
            "version": "0.3.14",
            "resolved": "https://registry.npmjs.org/nanotimer/-/nanotimer-0.3.14.tgz",
            "integrity": "sha1-ENgR+NBkeIGACWzh+WxwhG/Voro="
        },
        "node_modules/sleep": {
            "version": "5.1.1",
            "resolved": "https://registry.npmjs.org/sleep/-/sleep-5.1.1.tgz",
            "integrity": "sha1-h4+h1E0I7rDyb7IBjvhinrGjq5Q=",
            "hasInstallScript": true,
            "dependencies": {
                "nan": ">=2.5.1"
            },
            "engines": {
                "node": ">=0.8.0"
            }
        },
        "node_modules/underscore": {
            "version": "1.13.6",
            "resolved": "https://registry.npmjs.org/underscore/-/underscore-1.13.6.tgz",
            "integrity": "sha512-+A5Sja4HP1M08MaXya7p5LvjuM7K6q/2EaC0+iovj/wOcMsTzMvDFbasi/oSapiwOlt252IqsKqPjCl7huKS0A=="
        }
    },
    "dependencies": {
        "backbone": {
            "version": "1.3.3",
            "resolved": "https://registry.npmjs.org/backbone/-/backbone-1.3.3.tgz",
            "integrity": "sha1-TMgOp8sWMaxHSInOQPL4vGg7KZk=",
            "requires": {
                "underscore": ">=1.8.3"
            }
        },
        "midi": {
            "version": "0.9.5",
            "resolved": "https://registry.npmjs.org/midi/-/midi-0.9.5.tgz",
            "integrity": "sha1-/DI6/z6BsNQJnK7q1TW6Z5xunYg=",
            "requires": {
                "bindings": "~1.2.1",
                "nan": "^2.3.3"
            },
            "dependencies": {
                "bindings": {
                    "version": "1.2.1",
                    "resolved": "https://registry.npmjs.org/bindings/-/bindings-1.2.1.tgz",
                    "integrity": "sha1-FK1hE4EtLTfXLme0ystLtyZQXxE="
                }
            }
        },
        "midi-launchpad": {
            "version": "git+ssh://git@github.com/discookie/node-midi-launchpad.git#20996e2a3db3d528a471f5dc95e454bd9a251d9f",
            "integrity": "sha512-TeehgbOdi2es6w6xG6QDBNm3fKSM9vhfNCaUDQHTLcZR9Aqzxyv6cY58jOQNP2273HdxgFQ/5caNMiVQKWukHQ==",
            "from": "midi-launchpad@git://github.com/discookie/node-midi-launchpad#master",
            "requires": {
                "backbone": ">=1.1.0",
                "midi": ">=0.7.0",
                "underscore": ">=1.5.2"
            }
        },
        "nan": {
            "version": "2.6.2",
            "resolved": "https://registry.npmjs.org/nan/-/nan-2.6.2.tgz",
            "integrity": "sha1-5P805slf37WuzAjeZZb0NgWn20U="
        },
        "nanotimer": {
            "version": "0.3.14",
            "resolved": "https://registry.npmjs.org/nanotimer/-/nanotimer-0.3.14.tgz",
            "integrity": "sha1-ENgR+NBkeIGACWzh+WxwhG/Voro="
        },
        "sleep": {
            "version": "5.1.1",
            "resolved": "https://registry.npmjs.org/sleep/-/sleep-5.1.1.tgz",
            "integrity": "sha1-h4+h1E0I7rDyb7IBjvhinrGjq5Q=",
            "requires": {
                "nan": ">=2.5.1"
            }
        },
        "underscore": {
            "version": "1.13.6",
            "resolved": "https://registry.npmjs.org/underscore/-/underscore-1.13.6.tgz",
            "integrity": "sha512-+A5Sja4HP1M08MaXya7p5LvjuM7K6q/2EaC0+iovj/wOcMsTzMvDFbasi/oSapiwOlt252IqsKqPjCl7huKS0A=="
        }
    }
}
